
Microsoft Visual Studio Solution File, Format Version 12.00
# Visual Studio Version 17
VisualStudioVersion = 17.14.36203.30 d17.14
MinimumVisualStudioVersion = 10.0.40219.1
Project("{FAE04EC0-301F-11D3-BF4B-00C04F79EFBC}") = "WebApplication1", "WebApplication1.csproj", "{A52ABA4F-8459-4F1E-9C50-51EA0C39C803}"
EndProject
Global
	GlobalSection(SolutionConfigurationPlatforms) = preSolution
		Debug|Any CPU = Debug|Any CPU
		Release|Any CPU = Release|Any CPU
	EndGlobalSection
	GlobalSection(ProjectConfigurationPlatforms) = postSolution
		{A52ABA4F-8459-4F1E-9C50-51EA0C39C803}.Debug|Any CPU.ActiveCfg = Debug|Any CPU
		{A52ABA4F-8459-4F1E-9C50-51EA0C39C803}.Debug|Any CPU.Build.0 = Debug|Any CPU
		{A52ABA4F-8459-4F1E-9C50-51EA0C39C803}.Release|Any CPU.ActiveCfg = Release|Any CPU
		{A52ABA4F-8459-4F1E-9C50-51EA0C39C803}.Release|Any CPU.Build.0 = Release|Any CPU
	EndGlobalSection
	GlobalSection(SolutionProperties) = preSolution
		HideSolutionNode = FALSE
	EndGlobalSection
	GlobalSection(ExtensibilityGlobals) = postSolution
		SolutionGuid = {FA2C70FE-32B6-42FD-AF8D-6C665D7212F0}
	EndGlobalSection
EndGlobal
